
Microsoft Visual Studio Solution File, Format Version 12.00
# Visual Studio 15
VisualStudioVersion = 15.0.26124.0
MinimumVisualStudioVersion = 15.0.26124.0
Project("{9A19103F-16F7-4668-BE54-9A1E7A4F7556}") = "BusinessCasual", "BusinessCasual\BusinessCasual.csproj", "{EDFA2B23-60D5-4A18-A3A3-13B70EB5AD0E}"
EndProject
Project("{FAE04EC0-301F-11D3-BF4B-00C04F79EFBC}") = "ThemeTestWebApp", "ThemeTestWebApp\ThemeTestWebApp.csproj", "{7556D634-CDED-4FD6-B5A7-8420915E89C1}"
EndProject
Global
	GlobalSection(SolutionConfigurationPlatforms) = preSolution
		Debug|Any CPU = Debug|Any CPU
		Debug|x64 = Debug|x64
		Debug|x86 = Debug|x86
		Release|Any CPU = Release|Any CPU
		Release|x64 = Release|x64
		Release|x86 = Release|x86
	EndGlobalSection
	GlobalSection(ProjectConfigurationPlatforms) = postSolution
		{EDFA2B23-60D5-4A18-A3A3-13B70EB5AD0E}.Debug|Any CPU.ActiveCfg = Debug|Any CPU
		{EDFA2B23-60D5-4A18-A3A3-13B70EB5AD0E}.Debug|Any CPU.Build.0 = Debug|Any CPU
		{EDFA2B23-60D5-4A18-A3A3-13B70EB5AD0E}.Debug|x64.ActiveCfg = Debug|Any CPU
		{EDFA2B23-60D5-4A18-A3A3-13B70EB5AD0E}.Debug|x64.Build.0 = Debug|Any CPU
		{EDFA2B23-60D5-4A18-A3A3-13B70EB5AD0E}.Debug|x86.ActiveCfg = Debug|Any CPU
		{EDFA2B23-60D5-4A18-A3A3-13B70EB5AD0E}.Debug|x86.Build.0 = Debug|Any CPU
		{EDFA2B23-60D5-4A18-A3A3-13B70EB5AD0E}.Release|Any CPU.ActiveCfg = Release|Any CPU
		{EDFA2B23-60D5-4A18-A3A3-13B70EB5AD0E}.Release|Any CPU.Build.0 = Release|Any CPU
		{EDFA2B23-60D5-4A18-A3A3-13B70EB5AD0E}.Release|x64.ActiveCfg = Release|Any CPU
		{EDFA2B23-60D5-4A18-A3A3-13B70EB5AD0E}.Release|x64.Build.0 = Release|Any CPU
		{EDFA2B23-60D5-4A18-A3A3-13B70EB5AD0E}.Release|x86.ActiveCfg = Release|Any CPU
		{EDFA2B23-60D5-4A18-A3A3-13B70EB5AD0E}.Release|x86.Build.0 = Release|Any CPU
		{7556D634-CDED-4FD6-B5A7-8420915E89C1}.Debug|Any CPU.ActiveCfg = Debug|Any CPU
		{7556D634-CDED-4FD6-B5A7-8420915E89C1}.Debug|Any CPU.Build.0 = Debug|Any CPU
		{7556D634-CDED-4FD6-B5A7-8420915E89C1}.Debug|x64.ActiveCfg = Debug|Any CPU
		{7556D634-CDED-4FD6-B5A7-8420915E89C1}.Debug|x64.Build.0 = Debug|Any CPU
		{7556D634-CDED-4FD6-B5A7-8420915E89C1}.Debug|x86.ActiveCfg = Debug|Any CPU
		{7556D634-CDED-4FD6-B5A7-8420915E89C1}.Debug|x86.Build.0 = Debug|Any CPU
		{7556D634-CDED-4FD6-B5A7-8420915E89C1}.Release|Any CPU.ActiveCfg = Release|Any CPU
		{7556D634-CDED-4FD6-B5A7-8420915E89C1}.Release|Any CPU.Build.0 = Release|Any CPU
		{7556D634-CDED-4FD6-B5A7-8420915E89C1}.Release|x64.ActiveCfg = Release|Any CPU
		{7556D634-CDED-4FD6-B5A7-8420915E89C1}.Release|x64.Build.0 = Release|Any CPU
		{7556D634-CDED-4FD6-B5A7-8420915E89C1}.Release|x86.ActiveCfg = Release|Any CPU
		{7556D634-CDED-4FD6-B5A7-8420915E89C1}.Release|x86.Build.0 = Release|Any CPU
	EndGlobalSection
	GlobalSection(SolutionProperties) = preSolution
		HideSolutionNode = FALSE
	EndGlobalSection
	GlobalSection(ExtensibilityGlobals) = postSolution
		SolutionGuid = {C76A787A-E854-4B4D-A737-E1B8859EE70C}
	EndGlobalSection
EndGlobal
